
Microsoft Visual Studio Solution File, Format Version 12.00
# Visual Studio 15
VisualStudioVersion = 15.0.28307.106
MinimumVisualStudioVersion = 10.0.40219.1
Project("{8BC9CEB8-8B4A-11D0-8D11-00A0C91BC942}") = "CompilerCreationTool", "CompilerCreationTool\CompilerCreationTool.vcxproj", "{6A87EDCE-0F19-4AD2-B92B-A2EAA07220A2}"
EndProject
Project("{8BC9CEB8-8B4A-11D0-8D11-00A0C91BC942}") = "Parser", "Parser\Parser.vcxproj", "{3E9A10F4-A58F-4281-88F0-FF583FB4244B}"
EndProject
Project("{8BC9CEB8-8B4A-11D0-8D11-00A0C91BC942}") = "Grammar", "Grammar\Grammar.vcxproj", "{555EEF01-0F20-4390-ABF1-05E69D985B70}"
EndProject
Project("{8BC9CEB8-8B4A-11D0-8D11-00A0C91BC942}") = "Utils", "Utils\Utils.vcxproj", "{50B37C27-7CC6-42FE-B6AD-7EC4CB0F9439}"
EndProject
Project("{8BC9CEB8-8B4A-11D0-8D11-00A0C91BC942}") = "Lexer", "Lexer\Lexer.vcxproj", "{D999074B-24EC-418C-99A4-9E1A8C6C2B2F}"
EndProject
Project("{8BC9CEB8-8B4A-11D0-8D11-00A0C91BC942}") = "AST", "AST\AST.vcxproj", "{BCE3D120-9E71-4717-B36B-01C26BDC39CC}"
EndProject
Project("{8BC9CEB8-8B4A-11D0-8D11-00A0C91BC942}") = "Codegen", "Codegen\Codegen.vcxproj", "{635FABB2-D2FF-4537-9176-EFB4427D68F5}"
EndProject
Global
	GlobalSection(SolutionConfigurationPlatforms) = preSolution
		Debug|x64 = Debug|x64
		Debug|x86 = Debug|x86
		Release|x64 = Release|x64
		Release|x86 = Release|x86
	EndGlobalSection
	GlobalSection(ProjectConfigurationPlatforms) = postSolution
		{6A87EDCE-0F19-4AD2-B92B-A2EAA07220A2}.Debug|x64.ActiveCfg = Debug|x64
		{6A87EDCE-0F19-4AD2-B92B-A2EAA07220A2}.Debug|x64.Build.0 = Debug|x64
		{6A87EDCE-0F19-4AD2-B92B-A2EAA07220A2}.Debug|x86.ActiveCfg = Debug|Win32
		{6A87EDCE-0F19-4AD2-B92B-A2EAA07220A2}.Debug|x86.Build.0 = Debug|Win32
		{6A87EDCE-0F19-4AD2-B92B-A2EAA07220A2}.Release|x64.ActiveCfg = Release|x64
		{6A87EDCE-0F19-4AD2-B92B-A2EAA07220A2}.Release|x64.Build.0 = Release|x64
		{6A87EDCE-0F19-4AD2-B92B-A2EAA07220A2}.Release|x86.ActiveCfg = Release|Win32
		{6A87EDCE-0F19-4AD2-B92B-A2EAA07220A2}.Release|x86.Build.0 = Release|Win32
		{3E9A10F4-A58F-4281-88F0-FF583FB4244B}.Debug|x64.ActiveCfg = Debug|x64
		{3E9A10F4-A58F-4281-88F0-FF583FB4244B}.Debug|x64.Build.0 = Debug|x64
		{3E9A10F4-A58F-4281-88F0-FF583FB4244B}.Debug|x86.ActiveCfg = Debug|Win32
		{3E9A10F4-A58F-4281-88F0-FF583FB4244B}.Debug|x86.Build.0 = Debug|Win32
		{3E9A10F4-A58F-4281-88F0-FF583FB4244B}.Release|x64.ActiveCfg = Release|x64
		{3E9A10F4-A58F-4281-88F0-FF583FB4244B}.Release|x64.Build.0 = Release|x64
		{3E9A10F4-A58F-4281-88F0-FF583FB4244B}.Release|x86.ActiveCfg = Release|Win32
		{3E9A10F4-A58F-4281-88F0-FF583FB4244B}.Release|x86.Build.0 = Release|Win32
		{555EEF01-0F20-4390-ABF1-05E69D985B70}.Debug|x64.ActiveCfg = Debug|x64
		{555EEF01-0F20-4390-ABF1-05E69D985B70}.Debug|x64.Build.0 = Debug|x64
		{555EEF01-0F20-4390-ABF1-05E69D985B70}.Debug|x86.ActiveCfg = Debug|Win32
		{555EEF01-0F20-4390-ABF1-05E69D985B70}.Debug|x86.Build.0 = Debug|Win32
		{555EEF01-0F20-4390-ABF1-05E69D985B70}.Release|x64.ActiveCfg = Release|x64
		{555EEF01-0F20-4390-ABF1-05E69D985B70}.Release|x64.Build.0 = Release|x64
		{555EEF01-0F20-4390-ABF1-05E69D985B70}.Release|x86.ActiveCfg = Release|Win32
		{555EEF01-0F20-4390-ABF1-05E69D985B70}.Release|x86.Build.0 = Release|Win32
		{50B37C27-7CC6-42FE-B6AD-7EC4CB0F9439}.Debug|x64.ActiveCfg = Debug|x64
		{50B37C27-7CC6-42FE-B6AD-7EC4CB0F9439}.Debug|x64.Build.0 = Debug|x64
		{50B37C27-7CC6-42FE-B6AD-7EC4CB0F9439}.Debug|x86.ActiveCfg = Debug|Win32
		{50B37C27-7CC6-42FE-B6AD-7EC4CB0F9439}.Debug|x86.Build.0 = Debug|Win32
		{50B37C27-7CC6-42FE-B6AD-7EC4CB0F9439}.Release|x64.ActiveCfg = Release|x64
		{50B37C27-7CC6-42FE-B6AD-7EC4CB0F9439}.Release|x64.Build.0 = Release|x64
		{50B37C27-7CC6-42FE-B6AD-7EC4CB0F9439}.Release|x86.ActiveCfg = Release|Win32
		{50B37C27-7CC6-42FE-B6AD-7EC4CB0F9439}.Release|x86.Build.0 = Release|Win32
		{D999074B-24EC-418C-99A4-9E1A8C6C2B2F}.Debug|x64.ActiveCfg = Debug|x64
		{D999074B-24EC-418C-99A4-9E1A8C6C2B2F}.Debug|x64.Build.0 = Debug|x64
		{D999074B-24EC-418C-99A4-9E1A8C6C2B2F}.Debug|x86.ActiveCfg = Debug|Win32
		{D999074B-24EC-418C-99A4-9E1A8C6C2B2F}.Debug|x86.Build.0 = Debug|Win32
		{D999074B-24EC-418C-99A4-9E1A8C6C2B2F}.Release|x64.ActiveCfg = Release|x64
		{D999074B-24EC-418C-99A4-9E1A8C6C2B2F}.Release|x64.Build.0 = Release|x64
		{D999074B-24EC-418C-99A4-9E1A8C6C2B2F}.Release|x86.ActiveCfg = Release|Win32
		{D999074B-24EC-418C-99A4-9E1A8C6C2B2F}.Release|x86.Build.0 = Release|Win32
		{BCE3D120-9E71-4717-B36B-01C26BDC39CC}.Debug|x64.ActiveCfg = Debug|x64
		{BCE3D120-9E71-4717-B36B-01C26BDC39CC}.Debug|x64.Build.0 = Debug|x64
		{BCE3D120-9E71-4717-B36B-01C26BDC39CC}.Debug|x86.ActiveCfg = Debug|Win32
		{BCE3D120-9E71-4717-B36B-01C26BDC39CC}.Debug|x86.Build.0 = Debug|Win32
		{BCE3D120-9E71-4717-B36B-01C26BDC39CC}.Release|x64.ActiveCfg = Release|x64
		{BCE3D120-9E71-4717-B36B-01C26BDC39CC}.Release|x64.Build.0 = Release|x64
		{BCE3D120-9E71-4717-B36B-01C26BDC39CC}.Release|x86.ActiveCfg = Release|Win32
		{BCE3D120-9E71-4717-B36B-01C26BDC39CC}.Release|x86.Build.0 = Release|Win32
		{635FABB2-D2FF-4537-9176-EFB4427D68F5}.Debug|x64.ActiveCfg = Debug|x64
		{635FABB2-D2FF-4537-9176-EFB4427D68F5}.Debug|x64.Build.0 = Debug|x64
		{635FABB2-D2FF-4537-9176-EFB4427D68F5}.Debug|x86.ActiveCfg = Debug|Win32
		{635FABB2-D2FF-4537-9176-EFB4427D68F5}.Debug|x86.Build.0 = Debug|Win32
		{635FABB2-D2FF-4537-9176-EFB4427D68F5}.Release|x64.ActiveCfg = Release|x64
		{635FABB2-D2FF-4537-9176-EFB4427D68F5}.Release|x64.Build.0 = Release|x64
		{635FABB2-D2FF-4537-9176-EFB4427D68F5}.Release|x86.ActiveCfg = Release|Win32
		{635FABB2-D2FF-4537-9176-EFB4427D68F5}.Release|x86.Build.0 = Release|Win32
	EndGlobalSection
	GlobalSection(SolutionProperties) = preSolution
		HideSolutionNode = FALSE
	EndGlobalSection
	GlobalSection(ExtensibilityGlobals) = postSolution
		SolutionGuid = {1F2EC58F-3F5C-444C-9FA4-78DFD545BD64}
	EndGlobalSection
EndGlobal
